
Microsoft Visual Studio Solution File, Format Version 12.00
# Visual Studio 15
VisualStudioVersion = 15.0.28010.2041
MinimumVisualStudioVersion = 10.0.40219.1
Project("{FAE04EC0-301F-11D3-BF4B-00C04F79EFBC}") = "KnockoutTypeScriptGenerator", "KnockoutTypeScriptGenerator\KnockoutTypeScriptGenerator.csproj", "{4EF1C09E-1E1C-48A3-AA3B-2A10FC86181D}"
EndProject
Project("{FAE04EC0-301F-11D3-BF4B-00C04F79EFBC}") = "Generator.SampleLibrary", "Generator.SampleLibrary\Generator.SampleLibrary.csproj", "{CE8C62A1-BF9E-40B2-91FC-7DA508417CF2}"
EndProject
Project("{FAE04EC0-301F-11D3-BF4B-00C04F79EFBC}") = "Generator.SampleReferencedLibrary", "Generator.SampleReferencedLibrary\Generator.SampleReferencedLibrary.csproj", "{355E8447-986A-4B41-B994-D4D3A3B36A16}"
EndProject
Project("{FAE04EC0-301F-11D3-BF4B-00C04F79EFBC}") = "Generator.ConsoleRunner", "Generator.ConsoleRunner\Generator.ConsoleRunner.csproj", "{03C59AB4-8E1A-4987-9B92-D7FACFF39B63}"
EndProject
Project("{FAE04EC0-301F-11D3-BF4B-00C04F79EFBC}") = "KnockoutTypeScriptGenerator.Tests", "KnockoutTypeScriptGenerator.Tests\KnockoutTypeScriptGenerator.Tests.csproj", "{E7EC3B55-2166-4028-AF9A-FEDDAFCF9F2B}"
EndProject
Global
	GlobalSection(SolutionConfigurationPlatforms) = preSolution
		Debug|Any CPU = Debug|Any CPU
		Release|Any CPU = Release|Any CPU
	EndGlobalSection
	GlobalSection(ProjectConfigurationPlatforms) = postSolution
		{4EF1C09E-1E1C-48A3-AA3B-2A10FC86181D}.Debug|Any CPU.ActiveCfg = Debug|Any CPU
		{4EF1C09E-1E1C-48A3-AA3B-2A10FC86181D}.Debug|Any CPU.Build.0 = Debug|Any CPU
		{4EF1C09E-1E1C-48A3-AA3B-2A10FC86181D}.Release|Any CPU.ActiveCfg = Release|Any CPU
		{4EF1C09E-1E1C-48A3-AA3B-2A10FC86181D}.Release|Any CPU.Build.0 = Release|Any CPU
		{CE8C62A1-BF9E-40B2-91FC-7DA508417CF2}.Debug|Any CPU.ActiveCfg = Debug|Any CPU
		{CE8C62A1-BF9E-40B2-91FC-7DA508417CF2}.Debug|Any CPU.Build.0 = Debug|Any CPU
		{CE8C62A1-BF9E-40B2-91FC-7DA508417CF2}.Release|Any CPU.ActiveCfg = Release|Any CPU
		{CE8C62A1-BF9E-40B2-91FC-7DA508417CF2}.Release|Any CPU.Build.0 = Release|Any CPU
		{355E8447-986A-4B41-B994-D4D3A3B36A16}.Debug|Any CPU.ActiveCfg = Debug|Any CPU
		{355E8447-986A-4B41-B994-D4D3A3B36A16}.Debug|Any CPU.Build.0 = Debug|Any CPU
		{355E8447-986A-4B41-B994-D4D3A3B36A16}.Release|Any CPU.ActiveCfg = Release|Any CPU
		{355E8447-986A-4B41-B994-D4D3A3B36A16}.Release|Any CPU.Build.0 = Release|Any CPU
		{03C59AB4-8E1A-4987-9B92-D7FACFF39B63}.Debug|Any CPU.ActiveCfg = Debug|Any CPU
		{03C59AB4-8E1A-4987-9B92-D7FACFF39B63}.Debug|Any CPU.Build.0 = Debug|Any CPU
		{03C59AB4-8E1A-4987-9B92-D7FACFF39B63}.Release|Any CPU.ActiveCfg = Release|Any CPU
		{03C59AB4-8E1A-4987-9B92-D7FACFF39B63}.Release|Any CPU.Build.0 = Release|Any CPU
		{E7EC3B55-2166-4028-AF9A-FEDDAFCF9F2B}.Debug|Any CPU.ActiveCfg = Debug|Any CPU
		{E7EC3B55-2166-4028-AF9A-FEDDAFCF9F2B}.Debug|Any CPU.Build.0 = Debug|Any CPU
		{E7EC3B55-2166-4028-AF9A-FEDDAFCF9F2B}.Release|Any CPU.ActiveCfg = Release|Any CPU
		{E7EC3B55-2166-4028-AF9A-FEDDAFCF9F2B}.Release|Any CPU.Build.0 = Release|Any CPU
	EndGlobalSection
	GlobalSection(SolutionProperties) = preSolution
		HideSolutionNode = FALSE
	EndGlobalSection
	GlobalSection(ExtensibilityGlobals) = postSolution
		SolutionGuid = {C7D51275-48A2-4C92-ABA2-D105E225B549}
	EndGlobalSection
EndGlobal
